
Microsoft Visual Studio Solution File, Format Version 12.00
# Visual Studio Version 16
VisualStudioVersion = 16.0.31702.278
MinimumVisualStudioVersion = 10.0.40219.1
Project("{FAE04EC0-301F-11D3-BF4B-00C04F79EFBC}") = "StickerGenerator_DocX", "StickerGenerator_DocX\StickerGenerator_DocX.csproj", "{497932DC-4F62-40F7-9B30-58653D009148}"
EndProject
Project("{FAE04EC0-301F-11D3-BF4B-00C04F79EFBC}") = "StickerGeneratorTests", "StickerGeneratorTests\StickerGeneratorTests.csproj", "{3FDB0061-892D-4B52-AFE7-DD9101562EBF}"
EndProject
Global
	GlobalSection(SolutionConfigurationPlatforms) = preSolution
		Debug|Any CPU = Debug|Any CPU
		Release|Any CPU = Release|Any CPU
	EndGlobalSection
	GlobalSection(ProjectConfigurationPlatforms) = postSolution
		{497932DC-4F62-40F7-9B30-58653D009148}.Debug|Any CPU.ActiveCfg = Debug|Any CPU
		{497932DC-4F62-40F7-9B30-58653D009148}.Debug|Any CPU.Build.0 = Debug|Any CPU
		{497932DC-4F62-40F7-9B30-58653D009148}.Release|Any CPU.ActiveCfg = Release|Any CPU
		{497932DC-4F62-40F7-9B30-58653D009148}.Release|Any CPU.Build.0 = Release|Any CPU
		{3FDB0061-892D-4B52-AFE7-DD9101562EBF}.Debug|Any CPU.ActiveCfg = Debug|Any CPU
		{3FDB0061-892D-4B52-AFE7-DD9101562EBF}.Debug|Any CPU.Build.0 = Debug|Any CPU
		{3FDB0061-892D-4B52-AFE7-DD9101562EBF}.Release|Any CPU.ActiveCfg = Release|Any CPU
		{3FDB0061-892D-4B52-AFE7-DD9101562EBF}.Release|Any CPU.Build.0 = Release|Any CPU
	EndGlobalSection
	GlobalSection(SolutionProperties) = preSolution
		HideSolutionNode = FALSE
	EndGlobalSection
	GlobalSection(ExtensibilityGlobals) = postSolution
		SolutionGuid = {3594425A-1EED-4B44-9CD6-7A64D2D33787}
	EndGlobalSection
EndGlobal
